
Microsoft Visual Studio Solution File, Format Version 12.00
# Visual Studio Version 17
VisualStudioVersion = 17.2.32616.157
MinimumVisualStudioVersion = 10.0.40219.1
Project("{FAE04EC0-301F-11D3-BF4B-00C04F79EFBC}") = "P00196751_Aminur_Rahman_ExpenseTracker", "P00196751_Aminur_Rahman_ExpenseTracker.csproj", "{2EC3376C-142B-4719-9CB3-A678F50791B7}"
EndProject
Global
	GlobalSection(SolutionConfigurationPlatforms) = preSolution
		Debug|Any CPU = Debug|Any CPU
		Release|Any CPU = Release|Any CPU
	EndGlobalSection
	GlobalSection(ProjectConfigurationPlatforms) = postSolution
		{2EC3376C-142B-4719-9CB3-A678F50791B7}.Debug|Any CPU.ActiveCfg = Debug|Any CPU
		{2EC3376C-142B-4719-9CB3-A678F50791B7}.Debug|Any CPU.Build.0 = Debug|Any CPU
		{2EC3376C-142B-4719-9CB3-A678F50791B7}.Release|Any CPU.ActiveCfg = Release|Any CPU
		{2EC3376C-142B-4719-9CB3-A678F50791B7}.Release|Any CPU.Build.0 = Release|Any CPU
	EndGlobalSection
	GlobalSection(SolutionProperties) = preSolution
		HideSolutionNode = FALSE
	EndGlobalSection
	GlobalSection(ExtensibilityGlobals) = postSolution
		SolutionGuid = {6ACDA653-344B-4D98-AA8E-5853F98153DC}
	EndGlobalSection
EndGlobal
